
Microsoft Visual Studio Solution File, Format Version 12.00
# Visual Studio Version 16
VisualStudioVersion = 16.0.29424.173
MinimumVisualStudioVersion = 10.0.40219.1
Project("{8BC9CEB8-8B4A-11D0-8D11-00A0C91BC942}") = "UsualSnake", "UsualSnake.vcxproj", "{4A2F61AE-6D05-4917-8873-EE8D23D62452}"
EndProject
Global
	GlobalSection(SolutionConfigurationPlatforms) = preSolution
		Debug|x64 = Debug|x64
		Debug|x86 = Debug|x86
		Release|x64 = Release|x64
		Release|x86 = Release|x86
	EndGlobalSection
	GlobalSection(ProjectConfigurationPlatforms) = postSolution
		{4A2F61AE-6D05-4917-8873-EE8D23D62452}.Debug|x64.ActiveCfg = Debug|x64
		{4A2F61AE-6D05-4917-8873-EE8D23D62452}.Debug|x64.Build.0 = Debug|x64
		{4A2F61AE-6D05-4917-8873-EE8D23D62452}.Debug|x86.ActiveCfg = Debug|Win32
		{4A2F61AE-6D05-4917-8873-EE8D23D62452}.Debug|x86.Build.0 = Debug|Win32
		{4A2F61AE-6D05-4917-8873-EE8D23D62452}.Release|x64.ActiveCfg = Release|x64
		{4A2F61AE-6D05-4917-8873-EE8D23D62452}.Release|x64.Build.0 = Release|x64
		{4A2F61AE-6D05-4917-8873-EE8D23D62452}.Release|x86.ActiveCfg = Release|Win32
		{4A2F61AE-6D05-4917-8873-EE8D23D62452}.Release|x86.Build.0 = Release|Win32
	EndGlobalSection
	GlobalSection(SolutionProperties) = preSolution
		HideSolutionNode = FALSE
	EndGlobalSection
	GlobalSection(ExtensibilityGlobals) = postSolution
		SolutionGuid = {AAE158B6-02AB-4972-83BA-BB12CDB0FB09}
	EndGlobalSection
EndGlobal
